// !$*UTF8*$!
{
	archiveVersion = 1;
	classes = {
	};
	objectVersion = 50;
	objects = {

/* Begin PBXBuildFile section */
		E11473C22595B0CC006E4D3E /* Constants.swift in Sources */ = {isa = PBXBuildFile; fileRef = E11473C12595B0CC006E4D3E /* Constants.swift */; };
		E11473C52595B3DE006E4D3E /* Video.swift in Sources */ = {isa = PBXBuildFile; fileRef = E11473C42595B3DE006E4D3E /* Video.swift */; };
		E11473C82595B50C006E4D3E /* Model.swift in Sources */ = {isa = PBXBuildFile; fileRef = E11473C72595B50C006E4D3E /* Model.swift */; };
		E12BA877259B034A003921B6 /* Response.swift in Sources */ = {isa = PBXBuildFile; fileRef = E12BA876259B034A003921B6 /* Response.swift */; };
		E1475D5B2591D19000514043 /* AppDelegate.swift in Sources */ = {isa = PBXBuildFile; fileRef = E1475D5A2591D19000514043 /* AppDelegate.swift */; };
		E1475D5D2591D19000514043 /* SceneDelegate.swift in Sources */ = {isa = PBXBuildFile; fileRef = E1475D5C2591D19000514043 /* SceneDelegate.swift */; };
		E1475D5F2591D19000514043 /* ViewController.swift in Sources */ = {isa = PBXBuildFile; fileRef = E1475D5E2591D19000514043 /* ViewController.swift */; };
		E1475D622591D19000514043 /* Main.storyboard in Resources */ = {isa = PBXBuildFile; fileRef = E1475D602591D19000514043 /* Main.storyboard */; };
		E1475D642591D19200514043 /* Assets.xcassets in Resources */ = {isa = PBXBuildFile; fileRef = E1475D632591D19200514043 /* Assets.xcassets */; };
		E1475D672591D19200514043 /* LaunchScreen.storyboard in Resources */ = {isa = PBXBuildFile; fileRef = E1475D652591D19200514043 /* LaunchScreen.storyboard */; };
		E165C5FA259F01B700F692B0 /* ManageCache.swift in Sources */ = {isa = PBXBuildFile; fileRef = E165C5F9259F01B700F692B0 /* ManageCache.swift */; };
		E1A689D325A0385300B34026 /* DetailViewController.swift in Sources */ = {isa = PBXBuildFile; fileRef = E1A689D225A0385300B34026 /* DetailViewController.swift */; };
		E1A689D725A0412E00B34026 /* WebKit.framework in Frameworks */ = {isa = PBXBuildFile; fileRef = E1A689D625A0412E00B34026 /* WebKit.framework */; };
		E1DF4508259EF62100527D35 /* VideoTableViewCell.swift in Sources */ = {isa = PBXBuildFile; fileRef = E1DF4507259EF62100527D35 /* VideoTableViewCell.swift */; };
/* End PBXBuildFile section */

/* Begin PBXFileReference section */
		E11473C12595B0CC006E4D3E /* Constants.swift */ = {isa = PBXFileReference; lastKnownFileType = sourcecode.swift; path = Constants.swift; sourceTree = "<group>"; };
		E11473C42595B3DE006E4D3E /* Video.swift */ = {isa = PBXFileReference; lastKnownFileType = sourcecode.swift; path = Video.swift; sourceTree = "<group>"; };
		E11473C72595B50C006E4D3E /* Model.swift */ = {isa = PBXFileReference; lastKnownFileType = sourcecode.swift; path = Model.swift; sourceTree = "<group>"; };
		E12BA876259B034A003921B6 /* Response.swift */ = {isa = PBXFileReference; lastKnownFileType = sourcecode.swift; path = Response.swift; sourceTree = "<group>"; };
		E1475D572591D19000514043 /* youtube.app */ = {isa = PBXFileReference; explicitFileType = wrapper.application; includeInIndex = 0; path = youtube.app; sourceTree = BUILT_PRODUCTS_DIR; };
		E1475D5A2591D19000514043 /* AppDelegate.swift */ = {isa = PBXFileReference; lastKnownFileType = sourcecode.swift; path = AppDelegate.swift; sourceTree = "<group>"; };
		E1475D5C2591D19000514043 /* SceneDelegate.swift */ = {isa = PBXFileReference; lastKnownFileType = sourcecode.swift; path = SceneDelegate.swift; sourceTree = "<group>"; };
		E1475D5E2591D19000514043 /* ViewController.swift */ = {isa = PBXFileReference; lastKnownFileType = sourcecode.swift; path = ViewController.swift; sourceTree = "<group>"; };
		E1475D612591D19000514043 /* Base */ = {isa = PBXFileReference; lastKnownFileType = file.storyboard; name = Base; path = Base.lproj/Main.storyboard; sourceTree = "<group>"; };
		E1475D632591D19200514043 /* Assets.xcassets */ = {isa = PBXFileReference; lastKnownFileType = folder.assetcatalog; path = Assets.xcassets; sourceTree = "<group>"; };
		E1475D662591D19200514043 /* Base */ = {isa = PBXFileReference; lastKnownFileType = file.storyboard; name = Base; path = Base.lproj/LaunchScreen.storyboard; sourceTree = "<group>"; };
		E1475D682591D19200514043 /* Info.plist */ = {isa = PBXFileReference; lastKnownFileType = text.plist.xml; path = Info.plist; sourceTree = "<group>"; };
		E165C5F9259F01B700F692B0 /* ManageCache.swift */ = {isa = PBXFileReference; lastKnownFileType = sourcecode.swift; path = ManageCache.swift; sourceTree = "<group>"; };
		E1A689D225A0385300B34026 /* DetailViewController.swift */ = {isa = PBXFileReference; lastKnownFileType = sourcecode.swift; path = DetailViewController.swift; sourceTree = "<group>"; };
		E1A689D625A0412E00B34026 /* WebKit.framework */ = {isa = PBXFileReference; lastKnownFileType = wrapper.framework; name = WebKit.framework; path = System/Library/Frameworks/WebKit.framework; sourceTree = SDKROOT; };
		E1DF4507259EF62100527D35 /* VideoTableViewCell.swift */ = {isa = PBXFileReference; lastKnownFileType = sourcecode.swift; path = VideoTableViewCell.swift; sourceTree = "<group>"; };
/* End PBXFileReference section */

/* Begin PBXFrameworksBuildPhase section */
		E1475D542591D19000514043 /* Frameworks */ = {
			isa = PBXFrameworksBuildPhase;
			buildActionMask = 2147483647;
			files = (
				E1A689D725A0412E00B34026 /* WebKit.framework in Frameworks */,
			);
			runOnlyForDeploymentPostprocessing = 0;
		};
/* End PBXFrameworksBuildPhase section */

/* Begin PBXGroup section */
		E1475D4E2591D19000514043 = {
			isa = PBXGroup;
			children = (
				E1475D592591D19000514043 /* youtube */,
				E1475D582591D19000514043 /* Products */,
				E1A689D525A0412E00B34026 /* Frameworks */,
			);
			sourceTree = "<group>";
		};
		E1475D582591D19000514043 /* Products */ = {
			isa = PBXGroup;
			children = (
				E1475D572591D19000514043 /* youtube.app */,
			);
			name = Products;
			sourceTree = "<group>";
		};
		E1475D592591D19000514043 /* youtube */ = {
			isa = PBXGroup;
			children = (
				E1475D5A2591D19000514043 /* AppDelegate.swift */,
				E1475D5C2591D19000514043 /* SceneDelegate.swift */,
				E1DF450E259EF68B00527D35 /* Story Boards */,
				E1DF450D259EF67100527D35 /* Views */,
				E1DF450C259EF66900527D35 /* Models */,
				E1DF450B259EF66100527D35 /* View Controllers */,
				E1DF450A259EF65300527D35 /* Constant File */,
				E1475D632591D19200514043 /* Assets.xcassets */,
				E1475D682591D19200514043 /* Info.plist */,
			);
			path = youtube;
			sourceTree = "<group>";
		};
		E1A689D525A0412E00B34026 /* Frameworks */ = {
			isa = PBXGroup;
			children = (
				E1A689D625A0412E00B34026 /* WebKit.framework */,
			);
			name = Frameworks;
			sourceTree = "<group>";
		};
		E1DF450A259EF65300527D35 /* Constant File */ = {
			isa = PBXGroup;
			children = (
				E11473C12595B0CC006E4D3E /* Constants.swift */,
				E165C5F9259F01B700F692B0 /* ManageCache.swift */,
			);
			path = "Constant File";
			sourceTree = "<group>";
		};
		E1DF450B259EF66100527D35 /* View Controllers */ = {
			isa = PBXGroup;
			children = (
				E1475D5E2591D19000514043 /* ViewController.swift */,
				E1A689D225A0385300B34026 /* DetailViewController.swift */,
			);
			path = "View Controllers";
			sourceTree = "<group>";
		};
		E1DF450C259EF66900527D35 /* Models */ = {
			isa = PBXGroup;
			children = (
				E11473C42595B3DE006E4D3E /* Video.swift */,
				E11473C72595B50C006E4D3E /* Model.swift */,
				E12BA876259B034A003921B6 /* Response.swift */,
			);
			path = Models;
			sourceTree = "<group>";
		};
		E1DF450D259EF67100527D35 /* Views */ = {
			isa = PBXGroup;
			children = (
				E1DF4507259EF62100527D35 /* VideoTableViewCell.swift */,
			);
			path = Views;
			sourceTree = "<group>";
		};
		E1DF450E259EF68B00527D35 /* Story Boards */ = {
			isa = PBXGroup;
			children = (
				E1475D602591D19000514043 /* Main.storyboard */,
				E1475D652591D19200514043 /* LaunchScreen.storyboard */,
			);
			path = "Story Boards";
			sourceTree = "<group>";
		};
/* End PBXGroup section */

/* Begin PBXNativeTarget section */
		E1475D562591D19000514043 /* youtube */ = {
			isa = PBXNativeTarget;
			buildConfigurationList = E1475D6B2591D19200514043 /* Build configuration list for PBXNativeTarget "youtube" */;
			buildPhases = (
				E1475D532591D19000514043 /* Sources */,
				E1475D542591D19000514043 /* Frameworks */,
				E1475D552591D19000514043 /* Resources */,
			);
			buildRules = (
			);
			dependencies = (
			);
			name = youtube;
			productName = youtube;
			productReference = E1475D572591D19000514043 /* youtube.app */;
			productType = "com.apple.product-type.application";
		};
/* End PBXNativeTarget section */

/* Begin PBXProject section */
		E1475D4F2591D19000514043 /* Project object */ = {
			isa = PBXProject;
			attributes = {
				LastSwiftUpdateCheck = 1230;
				LastUpgradeCheck = 1230;
				TargetAttributes = {
					E1475D562591D19000514043 = {
						CreatedOnToolsVersion = 12.3;
					};
				};
			};
			buildConfigurationList = E1475D522591D19000514043 /* Build configuration list for PBXProject "youtube" */;
			compatibilityVersion = "Xcode 9.3";
			developmentRegion = en;
			hasScannedForEncodings = 0;
			knownRegions = (
				en,
				Base,
			);
			mainGroup = E1475D4E2591D19000514043;
			productRefGroup = E1475D582591D19000514043 /* Products */;
			projectDirPath = "";
			projectRoot = "";
			targets = (
				E1475D562591D19000514043 /* youtube */,
			);
		};
/* End PBXProject section */

/* Begin PBXResourcesBuildPhase section */
		E1475D552591D19000514043 /* Resources */ = {
			isa = PBXResourcesBuildPhase;
			buildActionMask = 2147483647;
			files = (
				E1475D672591D19200514043 /* LaunchScreen.storyboard in Resources */,
				E1475D642591D19200514043 /* Assets.xcassets in Resources */,
				E1475D622591D19000514043 /* Main.storyboard in Resources */,
			);
			runOnlyForDeploymentPostprocessing = 0;
		};
/* End PBXResourcesBuildPhase section */

/* Begin PBXSourcesBuildPhase section */
		E1475D532591D19000514043 /* Sources */ = {
			isa = PBXSourcesBuildPhase;
			buildActionMask = 2147483647;
			files = (
				E1475D5F2591D19000514043 /* ViewController.swift in Sources */,
				E1475D5B2591D19000514043 /* AppDelegate.swift in Sources */,
				E1475D5D2591D19000514043 /* SceneDelegate.swift in Sources */,
				E11473C82595B50C006E4D3E /* Model.swift in Sources */,
				E165C5FA259F01B700F692B0 /* ManageCache.swift in Sources */,
				E11473C22595B0CC006E4D3E /* Constants.swift in Sources */,
				E1DF4508259EF62100527D35 /* VideoTableViewCell.swift in Sources */,
				E1A689D325A0385300B34026 /* DetailViewController.swift in Sources */,
				E11473C52595B3DE006E4D3E /* Video.swift in Sources */,
				E12BA877259B034A003921B6 /* Response.swift in Sources */,
			);
			runOnlyForDeploymentPostprocessing = 0;
		};
/* End PBXSourcesBuildPhase section */

/* Begin PBXVariantGroup section */
		E1475D602591D19000514043 /* Main.storyboard */ = {
			isa = PBXVariantGroup;
			children = (
				E1475D612591D19000514043 /* Base */,
			);
			name = Main.storyboard;
			sourceTree = "<group>";
		};
		E1475D652591D19200514043 /* LaunchScreen.storyboard */ = {
			isa = PBXVariantGroup;
			children = (
				E1475D662591D19200514043 /* Base */,
			);
			name = LaunchScreen.storyboard;
			sourceTree = "<group>";
		};
/* End PBXVariantGroup section */

/* Begin XCBuildConfiguration section */
		E1475D692591D19200514043 /* Debug */ = {
			isa = XCBuildConfiguration;
			buildSettings = {
				ALWAYS_SEARCH_USER_PATHS = NO;
				CLANG_ANALYZER_NONNULL = YES;
				CLANG_ANALYZER_NUMBER_OBJECT_CONVERSION = YES_AGGRESSIVE;
				CLANG_CXX_LANGUAGE_STANDARD = "gnu++14";
				CLANG_CXX_LIBRARY = "libc++";
				CLANG_ENABLE_MODULES = YES;
				CLANG_ENABLE_OBJC_ARC = YES;
				CLANG_ENABLE_OBJC_WEAK = YES;
				CLANG_WARN_BLOCK_CAPTURE_AUTORELEASING = YES;
				CLANG_WARN_BOOL_CONVERSION = YES;
				CLANG_WARN_COMMA = YES;
				CLANG_WARN_CONSTANT_CONVERSION = YES;
				CLANG_WARN_DEPRECATED_OBJC_IMPLEMENTATIONS = YES;
				CLANG_WARN_DIRECT_OBJC_ISA_USAGE = YES_ERROR;
				CLANG_WARN_DOCUMENTATION_COMMENTS = YES;
				CLANG_WARN_EMPTY_BODY = YES;
				CLANG_WARN_ENUM_CONVERSION = YES;
				CLANG_WARN_INFINITE_RECURSION = YES;
				CLANG_WARN_INT_CONVERSION = YES;
				CLANG_WARN_NON_LITERAL_NULL_CONVERSION = YES;
				CLANG_WARN_OBJC_IMPLICIT_RETAIN_SELF = YES;
				CLANG_WARN_OBJC_LITERAL_CONVERSION = YES;
				CLANG_WARN_OBJC_ROOT_CLASS = YES_ERROR;
				CLANG_WARN_QUOTED_INCLUDE_IN_FRAMEWORK_HEADER = YES;
				CLANG_WARN_RANGE_LOOP_ANALYSIS = YES;
				CLANG_WARN_STRICT_PROTOTYPES = YES;
				CLANG_WARN_SUSPICIOUS_MOVE = YES;
				CLANG_WARN_UNGUARDED_AVAILABILITY = YES_AGGRESSIVE;
				CLANG_WARN_UNREACHABLE_CODE = YES;
				CLANG_WARN__DUPLICATE_METHOD_MATCH = YES;
				COPY_PHASE_STRIP = NO;
				DEBUG_INFORMATION_FORMAT = dwarf;
				ENABLE_STRICT_OBJC_MSGSEND = YES;
				ENABLE_TESTABILITY = YES;
				GCC_C_LANGUAGE_STANDARD = gnu11;
				GCC_DYNAMIC_NO_PIC = NO;
				GCC_NO_COMMON_BLOCKS = YES;
				GCC_OPTIMIZATION_LEVEL = 0;
				GCC_PREPROCESSOR_DEFINITIONS = (
					"DEBUG=1",
					"$(inherited)",
				);
				GCC_WARN_64_TO_32_BIT_CONVERSION = YES;
				GCC_WARN_ABOUT_RETURN_TYPE = YES_ERROR;
				GCC_WARN_UNDECLARED_SELECTOR = YES;
				GCC_WARN_UNINITIALIZED_AUTOS = YES_AGGRESSIVE;
				GCC_WARN_UNUSED_FUNCTION = YES;
				GCC_WARN_UNUSED_VARIABLE = YES;
				IPHONEOS_DEPLOYMENT_TARGET = 14.3;
				MTL_ENABLE_DEBUG_INFO = INCLUDE_SOURCE;
				MTL_FAST_MATH = YES;
				ONLY_ACTIVE_ARCH = YES;
				SDKROOT = iphoneos;
				SWIFT_ACTIVE_COMPILATION_CONDITIONS = DEBUG;
				SWIFT_OPTIMIZATION_LEVEL = "-Onone";
			};
			name = Debug;
		};
		E1475D6A2591D19200514043 /* Release */ = {
			isa = XCBuildConfiguration;
			buildSettings = {
				ALWAYS_SEARCH_USER_PATHS = NO;
				CLANG_ANALYZER_NONNULL = YES;
				CLANG_ANALYZER_NUMBER_OBJECT_CONVERSION = YES_AGGRESSIVE;
				CLANG_CXX_LANGUAGE_STANDARD = "gnu++14";
				CLANG_CXX_LIBRARY = "libc++";
				CLANG_ENABLE_MODULES = YES;
				CLANG_ENABLE_OBJC_ARC = YES;
				CLANG_ENABLE_OBJC_WEAK = YES;
				CLANG_WARN_BLOCK_CAPTURE_AUTORELEASING = YES;
				CLANG_WARN_BOOL_CONVERSION = YES;
				CLANG_WARN_COMMA = YES;
				CLANG_WARN_CONSTANT_CONVERSION = YES;
				CLANG_WARN_DEPRECATED_OBJC_IMPLEMENTATIONS = YES;
				CLANG_WARN_DIRECT_OBJC_ISA_USAGE = YES_ERROR;
				CLANG_WARN_DOCUMENTATION_COMMENTS = YES;
				CLANG_WARN_EMPTY_BODY = YES;
				CLANG_WARN_ENUM_CONVERSION = YES;
				CLANG_WARN_INFINITE_RECURSION = YES;
				CLANG_WARN_INT_CONVERSION = YES;
				CLANG_WARN_NON_LITERAL_NULL_CONVERSION = YES;
				CLANG_WARN_OBJC_IMPLICIT_RETAIN_SELF = YES;
				CLANG_WARN_OBJC_LITERAL_CONVERSION = YES;
				CLANG_WARN_OBJC_ROOT_CLASS = YES_ERROR;
				CLANG_WARN_QUOTED_INCLUDE_IN_FRAMEWORK_HEADER = YES;
				CLANG_WARN_RANGE_LOOP_ANALYSIS = YES;
				CLANG_WARN_STRICT_PROTOTYPES = YES;
				CLANG_WARN_SUSPICIOUS_MOVE = YES;
				CLANG_WARN_UNGUARDED_AVAILABILITY = YES_AGGRESSIVE;
				CLANG_WARN_UNREACHABLE_CODE = YES;
				CLANG_WARN__DUPLICATE_METHOD_MATCH = YES;
				COPY_PHASE_STRIP = NO;
				DEBUG_INFORMATION_FORMAT = "dwarf-with-dsym";
				ENABLE_NS_ASSERTIONS = NO;
				ENABLE_STRICT_OBJC_MSGSEND = YES;
				GCC_C_LANGUAGE_STANDARD = gnu11;
				GCC_NO_COMMON_BLOCKS = YES;
				GCC_WARN_64_TO_32_BIT_CONVERSION = YES;
				GCC_WARN_ABOUT_RETURN_TYPE = YES_ERROR;
				GCC_WARN_UNDECLARED_SELECTOR = YES;
				GCC_WARN_UNINITIALIZED_AUTOS = YES_AGGRESSIVE;
				GCC_WARN_UNUSED_FUNCTION = YES;
				GCC_WARN_UNUSED_VARIABLE = YES;
				IPHONEOS_DEPLOYMENT_TARGET = 14.3;
				MTL_ENABLE_DEBUG_INFO = NO;
				MTL_FAST_MATH = YES;
				SDKROOT = iphoneos;
				SWIFT_COMPILATION_MODE = wholemodule;
				SWIFT_OPTIMIZATION_LEVEL = "-O";
				VALIDATE_PRODUCT = YES;
			};
			name = Release;
		};
		E1475D6C2591D19200514043 /* Debug */ = {
			isa = XCBuildConfiguration;
			buildSettings = {
				ASSETCATALOG_COMPILER_APPICON_NAME = AppIcon;
				ASSETCATALOG_COMPILER_GLOBAL_ACCENT_COLOR_NAME = AccentColor;
				CODE_SIGN_STYLE = Automatic;
				DEVELOPMENT_TEAM = FXH2MU5AG6;
				INFOPLIST_FILE = youtube/Info.plist;
				LD_RUNPATH_SEARCH_PATHS = (
					"$(inherited)",
					"@executable_path/Frameworks",
				);
				PRODUCT_BUNDLE_IDENTIFIER = com.kedar.youtube;
				PRODUCT_NAME = "$(TARGET_NAME)";
				SWIFT_VERSION = 5.0;
				TARGETED_DEVICE_FAMILY = "1,2";
			};
			name = Debug;
		};
		E1475D6D2591D19200514043 /* Release */ = {
			isa = XCBuildConfiguration;
			buildSettings = {
				ASSETCATALOG_COMPILER_APPICON_NAME = AppIcon;
				ASSETCATALOG_COMPILER_GLOBAL_ACCENT_COLOR_NAME = AccentColor;
				CODE_SIGN_STYLE = Automatic;
				DEVELOPMENT_TEAM = FXH2MU5AG6;
				INFOPLIST_FILE = youtube/Info.plist;
				LD_RUNPATH_SEARCH_PATHS = (
					"$(inherited)",
					"@executable_path/Frameworks",
				);
				PRODUCT_BUNDLE_IDENTIFIER = com.kedar.youtube;
				PRODUCT_NAME = "$(TARGET_NAME)";
				SWIFT_VERSION = 5.0;
				TARGETED_DEVICE_FAMILY = "1,2";
			};
			name = Release;
		};
/* End XCBuildConfiguration section */

/* Begin XCConfigurationList section */
		E1475D522591D19000514043 /* Build configuration list for PBXProject "youtube" */ = {
			isa = XCConfigurationList;
			buildConfigurations = (
				E1475D692591D19200514043 /* Debug */,
				E1475D6A2591D19200514043 /* Release */,
			);
			defaultConfigurationIsVisible = 0;
			defaultConfigurationName = Release;
		};
		E1475D6B2591D19200514043 /* Build configuration list for PBXNativeTarget "youtube" */ = {
			isa = XCConfigurationList;
			buildConfigurations = (
				E1475D6C2591D19200514043 /* Debug */,
				E1475D6D2591D19200514043 /* Release */,
			);
			defaultConfigurationIsVisible = 0;
			defaultConfigurationName = Release;
		};
/* End XCConfigurationList section */
	};
	rootObject = E1475D4F2591D19000514043 /* Project object */;
}
